
Microsoft Visual Studio Solution File, Format Version 12.00
# Visual Studio Version 16
VisualStudioVersion = 16.0.30803.129
MinimumVisualStudioVersion = 10.0.40219.1
Project("{2150E333-8FDC-42A3-9474-1A3956D46DE8}") = "01. Based", "01. Based", "{9782513A-30CD-4DAC-AC19-FFB23083A295}"
EndProject
Project("{2150E333-8FDC-42A3-9474-1A3956D46DE8}") = "02. Core", "02. Core", "{9AC2F518-E568-4D69-A039-3B09318A669F}"
EndProject
Project("{2150E333-8FDC-42A3-9474-1A3956D46DE8}") = "03. Implements", "03. Implements", "{21B108F8-1D1E-49AC-9562-E7DB38EA711B}"
EndProject
Project("{2150E333-8FDC-42A3-9474-1A3956D46DE8}") = "04. Presentation", "04. Presentation", "{51CF1AFE-690D-43AA-9F63-0FC47CB7FB96}"
EndProject
Project("{2150E333-8FDC-42A3-9474-1A3956D46DE8}") = "05. Client", "05. Client", "{A824B03C-0E60-4FAB-A23C-276DC7FAF959}"
EndProject
Project("{FAE04EC0-301F-11D3-BF4B-00C04F79EFBC}") = "Commander", "Commander\Commander.csproj", "{A6BFA1CD-9746-441A-9FDC-CC5F8D68E3FA}"
EndProject
Project("{2150E333-8FDC-42A3-9474-1A3956D46DE8}") = "01. Partials", "01. Partials", "{EC9E038D-30B7-4FD1-87BA-2474721492AC}"
EndProject
Project("{2150E333-8FDC-42A3-9474-1A3956D46DE8}") = "02. Windows", "02. Windows", "{94ADE942-4B87-4AC6-8C8E-C9B899535015}"
EndProject
Project("{FAE04EC0-301F-11D3-BF4B-00C04F79EFBC}") = "Commander.Part.Main", "Commander.Part.Main\Commander.Part.Main.csproj", "{49ECA1D7-E790-49F9-B4FF-6EF4F6BCB951}"
EndProject
Project("{FAE04EC0-301F-11D3-BF4B-00C04F79EFBC}") = "Commander.Resources", "Commander.Resources\Commander.Resources.csproj", "{45E06BE6-FABE-4B26-9123-EF90CB047C9A}"
EndProject
Project("{FAE04EC0-301F-11D3-BF4B-00C04F79EFBC}") = "Commander.Control", "Commander.Control\Commander.Control.csproj", "{2BD88230-A59F-4E01-9FDE-245BEF9BBFCB}"
EndProject
Project("{FAE04EC0-301F-11D3-BF4B-00C04F79EFBC}") = "Commander.Part.Explorer", "Commander.Part.Explorer\Commander.Part.Explorer.csproj", "{E9917EE7-16F2-4B49-96B3-DD61560C89B3}"
EndProject
Project("{FAE04EC0-301F-11D3-BF4B-00C04F79EFBC}") = "Commander.WindowsBase", "Commander.WindowsBase\Commander.WindowsBase.csproj", "{D88245AA-7E03-4FE5-AB79-73CD3F7E5072}"
EndProject
Project("{FAE04EC0-301F-11D3-BF4B-00C04F79EFBC}") = "Commander.Converter", "Commander.Converter\Commander.Converter.csproj", "{AC92EDD6-460E-479C-BEA7-5437685C16A6}"
EndProject
Project("{FAE04EC0-301F-11D3-BF4B-00C04F79EFBC}") = "Commander.WindowsReference", "Commander.WindowsReference\Commander.WindowsReference.csproj", "{56407049-CD0D-45C4-AC1A-F3510AD7B41F}"
EndProject
Project("{FAE04EC0-301F-11D3-BF4B-00C04F79EFBC}") = "Commander.LayoutSupport", "Commander.LayoutSupport\Commander.LayoutSupport.csproj", "{A9292575-2ABF-491D-91BF-E40DDE66FF92}"
EndProject
Project("{9A19103F-16F7-4668-BE54-9A1E7A4F7556}") = "Commander.Data", "Commander.Data\Commander.Data.csproj", "{9D186C9C-483A-4DB4-8931-19A54051F54E}"
EndProject
Global
	GlobalSection(SolutionConfigurationPlatforms) = preSolution
		Debug|Any CPU = Debug|Any CPU
		Release|Any CPU = Release|Any CPU
	EndGlobalSection
	GlobalSection(ProjectConfigurationPlatforms) = postSolution
		{A6BFA1CD-9746-441A-9FDC-CC5F8D68E3FA}.Debug|Any CPU.ActiveCfg = Debug|Any CPU
		{A6BFA1CD-9746-441A-9FDC-CC5F8D68E3FA}.Debug|Any CPU.Build.0 = Debug|Any CPU
		{A6BFA1CD-9746-441A-9FDC-CC5F8D68E3FA}.Release|Any CPU.ActiveCfg = Release|Any CPU
		{A6BFA1CD-9746-441A-9FDC-CC5F8D68E3FA}.Release|Any CPU.Build.0 = Release|Any CPU
		{49ECA1D7-E790-49F9-B4FF-6EF4F6BCB951}.Debug|Any CPU.ActiveCfg = Debug|Any CPU
		{49ECA1D7-E790-49F9-B4FF-6EF4F6BCB951}.Debug|Any CPU.Build.0 = Debug|Any CPU
		{49ECA1D7-E790-49F9-B4FF-6EF4F6BCB951}.Release|Any CPU.ActiveCfg = Release|Any CPU
		{49ECA1D7-E790-49F9-B4FF-6EF4F6BCB951}.Release|Any CPU.Build.0 = Release|Any CPU
		{45E06BE6-FABE-4B26-9123-EF90CB047C9A}.Debug|Any CPU.ActiveCfg = Debug|Any CPU
		{45E06BE6-FABE-4B26-9123-EF90CB047C9A}.Debug|Any CPU.Build.0 = Debug|Any CPU
		{45E06BE6-FABE-4B26-9123-EF90CB047C9A}.Release|Any CPU.ActiveCfg = Release|Any CPU
		{45E06BE6-FABE-4B26-9123-EF90CB047C9A}.Release|Any CPU.Build.0 = Release|Any CPU
		{2BD88230-A59F-4E01-9FDE-245BEF9BBFCB}.Debug|Any CPU.ActiveCfg = Debug|Any CPU
		{2BD88230-A59F-4E01-9FDE-245BEF9BBFCB}.Debug|Any CPU.Build.0 = Debug|Any CPU
		{2BD88230-A59F-4E01-9FDE-245BEF9BBFCB}.Release|Any CPU.ActiveCfg = Release|Any CPU
		{2BD88230-A59F-4E01-9FDE-245BEF9BBFCB}.Release|Any CPU.Build.0 = Release|Any CPU
		{E9917EE7-16F2-4B49-96B3-DD61560C89B3}.Debug|Any CPU.ActiveCfg = Debug|Any CPU
		{E9917EE7-16F2-4B49-96B3-DD61560C89B3}.Debug|Any CPU.Build.0 = Debug|Any CPU
		{E9917EE7-16F2-4B49-96B3-DD61560C89B3}.Release|Any CPU.ActiveCfg = Release|Any CPU
		{E9917EE7-16F2-4B49-96B3-DD61560C89B3}.Release|Any CPU.Build.0 = Release|Any CPU
		{D88245AA-7E03-4FE5-AB79-73CD3F7E5072}.Debug|Any CPU.ActiveCfg = Debug|Any CPU
		{D88245AA-7E03-4FE5-AB79-73CD3F7E5072}.Debug|Any CPU.Build.0 = Debug|Any CPU
		{D88245AA-7E03-4FE5-AB79-73CD3F7E5072}.Release|Any CPU.ActiveCfg = Release|Any CPU
		{D88245AA-7E03-4FE5-AB79-73CD3F7E5072}.Release|Any CPU.Build.0 = Release|Any CPU
		{AC92EDD6-460E-479C-BEA7-5437685C16A6}.Debug|Any CPU.ActiveCfg = Debug|Any CPU
		{AC92EDD6-460E-479C-BEA7-5437685C16A6}.Debug|Any CPU.Build.0 = Debug|Any CPU
		{AC92EDD6-460E-479C-BEA7-5437685C16A6}.Release|Any CPU.ActiveCfg = Release|Any CPU
		{AC92EDD6-460E-479C-BEA7-5437685C16A6}.Release|Any CPU.Build.0 = Release|Any CPU
		{56407049-CD0D-45C4-AC1A-F3510AD7B41F}.Debug|Any CPU.ActiveCfg = Debug|Any CPU
		{56407049-CD0D-45C4-AC1A-F3510AD7B41F}.Debug|Any CPU.Build.0 = Debug|Any CPU
		{56407049-CD0D-45C4-AC1A-F3510AD7B41F}.Release|Any CPU.ActiveCfg = Release|Any CPU
		{56407049-CD0D-45C4-AC1A-F3510AD7B41F}.Release|Any CPU.Build.0 = Release|Any CPU
		{A9292575-2ABF-491D-91BF-E40DDE66FF92}.Debug|Any CPU.ActiveCfg = Debug|Any CPU
		{A9292575-2ABF-491D-91BF-E40DDE66FF92}.Debug|Any CPU.Build.0 = Debug|Any CPU
		{A9292575-2ABF-491D-91BF-E40DDE66FF92}.Release|Any CPU.ActiveCfg = Release|Any CPU
		{A9292575-2ABF-491D-91BF-E40DDE66FF92}.Release|Any CPU.Build.0 = Release|Any CPU
		{9D186C9C-483A-4DB4-8931-19A54051F54E}.Debug|Any CPU.ActiveCfg = Debug|Any CPU
		{9D186C9C-483A-4DB4-8931-19A54051F54E}.Debug|Any CPU.Build.0 = Debug|Any CPU
		{9D186C9C-483A-4DB4-8931-19A54051F54E}.Release|Any CPU.ActiveCfg = Release|Any CPU
		{9D186C9C-483A-4DB4-8931-19A54051F54E}.Release|Any CPU.Build.0 = Release|Any CPU
	EndGlobalSection
	GlobalSection(SolutionProperties) = preSolution
		HideSolutionNode = FALSE
	EndGlobalSection
	GlobalSection(NestedProjects) = preSolution
		{A6BFA1CD-9746-441A-9FDC-CC5F8D68E3FA} = {A824B03C-0E60-4FAB-A23C-276DC7FAF959}
		{EC9E038D-30B7-4FD1-87BA-2474721492AC} = {51CF1AFE-690D-43AA-9F63-0FC47CB7FB96}
		{94ADE942-4B87-4AC6-8C8E-C9B899535015} = {51CF1AFE-690D-43AA-9F63-0FC47CB7FB96}
		{49ECA1D7-E790-49F9-B4FF-6EF4F6BCB951} = {94ADE942-4B87-4AC6-8C8E-C9B899535015}
		{45E06BE6-FABE-4B26-9123-EF90CB047C9A} = {21B108F8-1D1E-49AC-9562-E7DB38EA711B}
		{2BD88230-A59F-4E01-9FDE-245BEF9BBFCB} = {9AC2F518-E568-4D69-A039-3B09318A669F}
		{E9917EE7-16F2-4B49-96B3-DD61560C89B3} = {EC9E038D-30B7-4FD1-87BA-2474721492AC}
		{D88245AA-7E03-4FE5-AB79-73CD3F7E5072} = {9782513A-30CD-4DAC-AC19-FFB23083A295}
		{AC92EDD6-460E-479C-BEA7-5437685C16A6} = {9AC2F518-E568-4D69-A039-3B09318A669F}
		{56407049-CD0D-45C4-AC1A-F3510AD7B41F} = {9782513A-30CD-4DAC-AC19-FFB23083A295}
		{A9292575-2ABF-491D-91BF-E40DDE66FF92} = {21B108F8-1D1E-49AC-9562-E7DB38EA711B}
		{9D186C9C-483A-4DB4-8931-19A54051F54E} = {9782513A-30CD-4DAC-AC19-FFB23083A295}
	EndGlobalSection
	GlobalSection(ExtensibilityGlobals) = postSolution
		SolutionGuid = {D5EBBD28-118A-4CB8-B616-DC25DE12B6F4}
	EndGlobalSection
EndGlobal
